// !$*UTF8*$!
{
	archiveVersion = 1;
	classes = {
	};
	objectVersion = 50;
	objects = {

/* Begin PBXBuildFile section */
		041A96AA2199554F007A16E3 /* HJLabel.swift in Sources */ = {isa = PBXBuildFile; fileRef = 041A96A92199554F007A16E3 /* HJLabel.swift */; };
		041A96AC21995BBA007A16E3 /* ViewController.swift in Sources */ = {isa = PBXBuildFile; fileRef = 041A96AB21995BBA007A16E3 /* ViewController.swift */; };
		04210F6421956A41009315CA /* AppDelegate.swift in Sources */ = {isa = PBXBuildFile; fileRef = 04210F6321956A41009315CA /* AppDelegate.swift */; };
		04210F6921956A41009315CA /* Main.storyboard in Resources */ = {isa = PBXBuildFile; fileRef = 04210F6721956A41009315CA /* Main.storyboard */; };
		04210F6B21956A43009315CA /* Assets.xcassets in Resources */ = {isa = PBXBuildFile; fileRef = 04210F6A21956A43009315CA /* Assets.xcassets */; };
		04210F6E21956A43009315CA /* LaunchScreen.storyboard in Resources */ = {isa = PBXBuildFile; fileRef = 04210F6C21956A43009315CA /* LaunchScreen.storyboard */; };
/* End PBXBuildFile section */

/* Begin PBXFileReference section */
		041A96A92199554F007A16E3 /* HJLabel.swift */ = {isa = PBXFileReference; fileEncoding = 4; lastKnownFileType = sourcecode.swift; path = HJLabel.swift; sourceTree = "<group>"; };
		041A96AB21995BBA007A16E3 /* ViewController.swift */ = {isa = PBXFileReference; fileEncoding = 4; lastKnownFileType = sourcecode.swift; path = ViewController.swift; sourceTree = "<group>"; };
		04210F6021956A41009315CA /* swift--UILabel实例.app */ = {isa = PBXFileReference; explicitFileType = wrapper.application; includeInIndex = 0; path = "swift--UILabel实例.app"; sourceTree = BUILT_PRODUCTS_DIR; };
		04210F6321956A41009315CA /* AppDelegate.swift */ = {isa = PBXFileReference; lastKnownFileType = sourcecode.swift; path = AppDelegate.swift; sourceTree = "<group>"; };
		04210F6821956A41009315CA /* Base */ = {isa = PBXFileReference; lastKnownFileType = file.storyboard; name = Base; path = Base.lproj/Main.storyboard; sourceTree = "<group>"; };
		04210F6A21956A43009315CA /* Assets.xcassets */ = {isa = PBXFileReference; lastKnownFileType = folder.assetcatalog; path = Assets.xcassets; sourceTree = "<group>"; };
		04210F6D21956A43009315CA /* Base */ = {isa = PBXFileReference; lastKnownFileType = file.storyboard; name = Base; path = Base.lproj/LaunchScreen.storyboard; sourceTree = "<group>"; };
		04210F6F21956A43009315CA /* Info.plist */ = {isa = PBXFileReference; lastKnownFileType = text.plist.xml; path = Info.plist; sourceTree = "<group>"; };
/* End PBXFileReference section */

/* Begin PBXFrameworksBuildPhase section */
		04210F5D21956A41009315CA /* Frameworks */ = {
			isa = PBXFrameworksBuildPhase;
			buildActionMask = 2147483647;
			files = (
			);
			runOnlyForDeploymentPostprocessing = 0;
		};
/* End PBXFrameworksBuildPhase section */

/* Begin PBXGroup section */
		04210F5721956A41009315CA = {
			isa = PBXGroup;
			children = (
				04210F6221956A41009315CA /* swift--UILabel实例 */,
				04210F6121956A41009315CA /* Products */,
			);
			sourceTree = "<group>";
		};
		04210F6121956A41009315CA /* Products */ = {
			isa = PBXGroup;
			children = (
				04210F6021956A41009315CA /* swift--UILabel实例.app */,
			);
			name = Products;
			sourceTree = "<group>";
		};
		04210F6221956A41009315CA /* swift--UILabel实例 */ = {
			isa = PBXGroup;
			children = (
				04210F6321956A41009315CA /* AppDelegate.swift */,
				041A96A92199554F007A16E3 /* HJLabel.swift */,
				041A96AB21995BBA007A16E3 /* ViewController.swift */,
				04210F6721956A41009315CA /* Main.storyboard */,
				04210F6A21956A43009315CA /* Assets.xcassets */,
				04210F6C21956A43009315CA /* LaunchScreen.storyboard */,
				04210F6F21956A43009315CA /* Info.plist */,
			);
			path = "swift--UILabel实例";
			sourceTree = "<group>";
		};
/* End PBXGroup section */

/* Begin PBXNativeTarget section */
		04210F5F21956A41009315CA /* swift--UILabel实例 */ = {
			isa = PBXNativeTarget;
			buildConfigurationList = 04210F7221956A43009315CA /* Build configuration list for PBXNativeTarget "swift--UILabel实例" */;
			buildPhases = (
				04210F5C21956A41009315CA /* Sources */,
				04210F5D21956A41009315CA /* Frameworks */,
				04210F5E21956A41009315CA /* Resources */,
			);
			buildRules = (
			);
			dependencies = (
			);
			name = "swift--UILabel实例";
			productName = "swift--UILabel实例";
			productReference = 04210F6021956A41009315CA /* swift--UILabel实例.app */;
			productType = "com.apple.product-type.application";
		};
/* End PBXNativeTarget section */

/* Begin PBXProject section */
		04210F5821956A41009315CA /* Project object */ = {
			isa = PBXProject;
			attributes = {
				LastSwiftUpdateCheck = 1010;
				LastUpgradeCheck = 1010;
				ORGANIZATIONNAME = "深圳海曼科技有限公司";
				TargetAttributes = {
					04210F5F21956A41009315CA = {
						CreatedOnToolsVersion = 10.1;
					};
				};
			};
			buildConfigurationList = 04210F5B21956A41009315CA /* Build configuration list for PBXProject "swift--UILabel实例" */;
			compatibilityVersion = "Xcode 9.3";
			developmentRegion = en;
			hasScannedForEncodings = 0;
			knownRegions = (
				en,
				Base,
			);
			mainGroup = 04210F5721956A41009315CA;
			productRefGroup = 04210F6121956A41009315CA /* Products */;
			projectDirPath = "";
			projectRoot = "";
			targets = (
				04210F5F21956A41009315CA /* swift--UILabel实例 */,
			);
		};
/* End PBXProject section */

/* Begin PBXResourcesBuildPhase section */
		04210F5E21956A41009315CA /* Resources */ = {
			isa = PBXResourcesBuildPhase;
			buildActionMask = 2147483647;
			files = (
				04210F6E21956A43009315CA /* LaunchScreen.storyboard in Resources */,
				04210F6B21956A43009315CA /* Assets.xcassets in Resources */,
				04210F6921956A41009315CA /* Main.storyboard in Resources */,
			);
			runOnlyForDeploymentPostprocessing = 0;
		};
/* End PBXResourcesBuildPhase section */

/* Begin PBXSourcesBuildPhase section */
		04210F5C21956A41009315CA /* Sources */ = {
			isa = PBXSourcesBuildPhase;
			buildActionMask = 2147483647;
			files = (
				041A96AC21995BBA007A16E3 /* ViewController.swift in Sources */,
				041A96AA2199554F007A16E3 /* HJLabel.swift in Sources */,
				04210F6421956A41009315CA /* AppDelegate.swift in Sources */,
			);
			runOnlyForDeploymentPostprocessing = 0;
		};
/* End PBXSourcesBuildPhase section */

/* Begin PBXVariantGroup section */
		04210F6721956A41009315CA /* Main.storyboard */ = {
			isa = PBXVariantGroup;
			children = (
				04210F6821956A41009315CA /* Base */,
			);
			name = Main.storyboard;
			sourceTree = "<group>";
		};
		04210F6C21956A43009315CA /* LaunchScreen.storyboard */ = {
			isa = PBXVariantGroup;
			children = (
				04210F6D21956A43009315CA /* Base */,
			);
			name = LaunchScreen.storyboard;
			sourceTree = "<group>";
		};
/* End PBXVariantGroup section */

/* Begin XCBuildConfiguration section */
		04210F7021956A43009315CA /* Debug */ = {
			isa = XCBuildConfiguration;
			buildSettings = {
				ALWAYS_SEARCH_USER_PATHS = NO;
				CLANG_ANALYZER_NONNULL = YES;
				CLANG_ANALYZER_NUMBER_OBJECT_CONVERSION = YES_AGGRESSIVE;
				CLANG_CXX_LANGUAGE_STANDARD = "gnu++14";
				CLANG_CXX_LIBRARY = "libc++";
				CLANG_ENABLE_MODULES = YES;
				CLANG_ENABLE_OBJC_ARC = YES;
				CLANG_ENABLE_OBJC_WEAK = YES;
				CLANG_WARN_BLOCK_CAPTURE_AUTORELEASING = YES;
				CLANG_WARN_BOOL_CONVERSION = YES;
				CLANG_WARN_COMMA = YES;
				CLANG_WARN_CONSTANT_CONVERSION = YES;
				CLANG_WARN_DEPRECATED_OBJC_IMPLEMENTATIONS = YES;
				CLANG_WARN_DIRECT_OBJC_ISA_USAGE = YES_ERROR;
				CLANG_WARN_DOCUMENTATION_COMMENTS = YES;
				CLANG_WARN_EMPTY_BODY = YES;
				CLANG_WARN_ENUM_CONVERSION = YES;
				CLANG_WARN_INFINITE_RECURSION = YES;
				CLANG_WARN_INT_CONVERSION = YES;
				CLANG_WARN_NON_LITERAL_NULL_CONVERSION = YES;
				CLANG_WARN_OBJC_IMPLICIT_RETAIN_SELF = YES;
				CLANG_WARN_OBJC_LITERAL_CONVERSION = YES;
				CLANG_WARN_OBJC_ROOT_CLASS = YES_ERROR;
				CLANG_WARN_RANGE_LOOP_ANALYSIS = YES;
				CLANG_WARN_STRICT_PROTOTYPES = YES;
				CLANG_WARN_SUSPICIOUS_MOVE = YES;
				CLANG_WARN_UNGUARDED_AVAILABILITY = YES_AGGRESSIVE;
				CLANG_WARN_UNREACHABLE_CODE = YES;
				CLANG_WARN__DUPLICATE_METHOD_MATCH = YES;
				CODE_SIGN_IDENTITY = "iPhone Developer";
				COPY_PHASE_STRIP = NO;
				DEBUG_INFORMATION_FORMAT = dwarf;
				ENABLE_STRICT_OBJC_MSGSEND = YES;
				ENABLE_TESTABILITY = YES;
				GCC_C_LANGUAGE_STANDARD = gnu11;
				GCC_DYNAMIC_NO_PIC = NO;
				GCC_NO_COMMON_BLOCKS = YES;
				GCC_OPTIMIZATION_LEVEL = 0;
				GCC_PREPROCESSOR_DEFINITIONS = (
					"DEBUG=1",
					"$(inherited)",
				);
				GCC_WARN_64_TO_32_BIT_CONVERSION = YES;
				GCC_WARN_ABOUT_RETURN_TYPE = YES_ERROR;
				GCC_WARN_UNDECLARED_SELECTOR = YES;
				GCC_WARN_UNINITIALIZED_AUTOS = YES_AGGRESSIVE;
				GCC_WARN_UNUSED_FUNCTION = YES;
				GCC_WARN_UNUSED_VARIABLE = YES;
				IPHONEOS_DEPLOYMENT_TARGET = 12.1;
				MTL_ENABLE_DEBUG_INFO = INCLUDE_SOURCE;
				MTL_FAST_MATH = YES;
				ONLY_ACTIVE_ARCH = YES;
				SDKROOT = iphoneos;
				SWIFT_ACTIVE_COMPILATION_CONDITIONS = DEBUG;
				SWIFT_OPTIMIZATION_LEVEL = "-Onone";
			};
			name = Debug;
		};
		04210F7121956A43009315CA /* Release */ = {
			isa = XCBuildConfiguration;
			buildSettings = {
				ALWAYS_SEARCH_USER_PATHS = NO;
				CLANG_ANALYZER_NONNULL = YES;
				CLANG_ANALYZER_NUMBER_OBJECT_CONVERSION = YES_AGGRESSIVE;
				CLANG_CXX_LANGUAGE_STANDARD = "gnu++14";
				CLANG_CXX_LIBRARY = "libc++";
				CLANG_ENABLE_MODULES = YES;
				CLANG_ENABLE_OBJC_ARC = YES;
				CLANG_ENABLE_OBJC_WEAK = YES;
				CLANG_WARN_BLOCK_CAPTURE_AUTORELEASING = YES;
				CLANG_WARN_BOOL_CONVERSION = YES;
				CLANG_WARN_COMMA = YES;
				CLANG_WARN_CONSTANT_CONVERSION = YES;
				CLANG_WARN_DEPRECATED_OBJC_IMPLEMENTATIONS = YES;
				CLANG_WARN_DIRECT_OBJC_ISA_USAGE = YES_ERROR;
				CLANG_WARN_DOCUMENTATION_COMMENTS = YES;
				CLANG_WARN_EMPTY_BODY = YES;
				CLANG_WARN_ENUM_CONVERSION = YES;
				CLANG_WARN_INFINITE_RECURSION = YES;
				CLANG_WARN_INT_CONVERSION = YES;
				CLANG_WARN_NON_LITERAL_NULL_CONVERSION = YES;
				CLANG_WARN_OBJC_IMPLICIT_RETAIN_SELF = YES;
				CLANG_WARN_OBJC_LITERAL_CONVERSION = YES;
				CLANG_WARN_OBJC_ROOT_CLASS = YES_ERROR;
				CLANG_WARN_RANGE_LOOP_ANALYSIS = YES;
				CLANG_WARN_STRICT_PROTOTYPES = YES;
				CLANG_WARN_SUSPICIOUS_MOVE = YES;
				CLANG_WARN_UNGUARDED_AVAILABILITY = YES_AGGRESSIVE;
				CLANG_WARN_UNREACHABLE_CODE = YES;
				CLANG_WARN__DUPLICATE_METHOD_MATCH = YES;
				CODE_SIGN_IDENTITY = "iPhone Developer";
				COPY_PHASE_STRIP = NO;
				DEBUG_INFORMATION_FORMAT = "dwarf-with-dsym";
				ENABLE_NS_ASSERTIONS = NO;
				ENABLE_STRICT_OBJC_MSGSEND = YES;
				GCC_C_LANGUAGE_STANDARD = gnu11;
				GCC_NO_COMMON_BLOCKS = YES;
				GCC_WARN_64_TO_32_BIT_CONVERSION = YES;
				GCC_WARN_ABOUT_RETURN_TYPE = YES_ERROR;
				GCC_WARN_UNDECLARED_SELECTOR = YES;
				GCC_WARN_UNINITIALIZED_AUTOS = YES_AGGRESSIVE;
				GCC_WARN_UNUSED_FUNCTION = YES;
				GCC_WARN_UNUSED_VARIABLE = YES;
				IPHONEOS_DEPLOYMENT_TARGET = 12.1;
				MTL_ENABLE_DEBUG_INFO = NO;
				MTL_FAST_MATH = YES;
				SDKROOT = iphoneos;
				SWIFT_COMPILATION_MODE = wholemodule;
				SWIFT_OPTIMIZATION_LEVEL = "-O";
				VALIDATE_PRODUCT = YES;
			};
			name = Release;
		};
		04210F7321956A43009315CA /* Debug */ = {
			isa = XCBuildConfiguration;
			buildSettings = {
				ASSETCATALOG_COMPILER_APPICON_NAME = AppIcon;
				CODE_SIGN_STYLE = Automatic;
				DEVELOPMENT_TEAM = S956Z9SBY5;
				INFOPLIST_FILE = "swift--UILabel实例/Info.plist";
				IPHONEOS_DEPLOYMENT_TARGET = 11.0;
				LD_RUNPATH_SEARCH_PATHS = (
					"$(inherited)",
					"@executable_path/Frameworks",
				);
				PRODUCT_BUNDLE_IDENTIFIER = "com.heiman.swift--UILabel--";
				PRODUCT_NAME = "$(TARGET_NAME)";
				SWIFT_VERSION = 4.2;
				TARGETED_DEVICE_FAMILY = "1,2";
			};
			name = Debug;
		};
		04210F7421956A43009315CA /* Release */ = {
			isa = XCBuildConfiguration;
			buildSettings = {
				ASSETCATALOG_COMPILER_APPICON_NAME = AppIcon;
				CODE_SIGN_STYLE = Automatic;
				DEVELOPMENT_TEAM = S956Z9SBY5;
				INFOPLIST_FILE = "swift--UILabel实例/Info.plist";
				IPHONEOS_DEPLOYMENT_TARGET = 11.0;
				LD_RUNPATH_SEARCH_PATHS = (
					"$(inherited)",
					"@executable_path/Frameworks",
				);
				PRODUCT_BUNDLE_IDENTIFIER = "com.heiman.swift--UILabel--";
				PRODUCT_NAME = "$(TARGET_NAME)";
				SWIFT_VERSION = 4.2;
				TARGETED_DEVICE_FAMILY = "1,2";
			};
			name = Release;
		};
/* End XCBuildConfiguration section */

/* Begin XCConfigurationList section */
		04210F5B21956A41009315CA /* Build configuration list for PBXProject "swift--UILabel实例" */ = {
			isa = XCConfigurationList;
			buildConfigurations = (
				04210F7021956A43009315CA /* Debug */,
				04210F7121956A43009315CA /* Release */,
			);
			defaultConfigurationIsVisible = 0;
			defaultConfigurationName = Release;
		};
		04210F7221956A43009315CA /* Build configuration list for PBXNativeTarget "swift--UILabel实例" */ = {
			isa = XCConfigurationList;
			buildConfigurations = (
				04210F7321956A43009315CA /* Debug */,
				04210F7421956A43009315CA /* Release */,
			);
			defaultConfigurationIsVisible = 0;
			defaultConfigurationName = Release;
		};
/* End XCConfigurationList section */
	};
	rootObject = 04210F5821956A41009315CA /* Project object */;
}
