// !$*UTF8*$!
{
	archiveVersion = 1;
	classes = {
	};
	objectVersion = 50;
	objects = {

/* Begin PBXBuildFile section */
		95EFD1EE2199B9CC00ECC8BA /* AppDelegate.swift in Sources */ = {isa = PBXBuildFile; fileRef = 95EFD1ED2199B9CC00ECC8BA /* AppDelegate.swift */; };
		95EFD1F32199B9CC00ECC8BA /* Main.storyboard in Resources */ = {isa = PBXBuildFile; fileRef = 95EFD1F12199B9CC00ECC8BA /* Main.storyboard */; };
		95EFD1F52199B9CD00ECC8BA /* Assets.xcassets in Resources */ = {isa = PBXBuildFile; fileRef = 95EFD1F42199B9CD00ECC8BA /* Assets.xcassets */; };
		95EFD1F82199B9CD00ECC8BA /* LaunchScreen.storyboard in Resources */ = {isa = PBXBuildFile; fileRef = 95EFD1F62199B9CD00ECC8BA /* LaunchScreen.storyboard */; };
		95EFD2002199BA0E00ECC8BA /* ViewController.swift in Sources */ = {isa = PBXBuildFile; fileRef = 95EFD1FF2199BA0E00ECC8BA /* ViewController.swift */; };
		95EFD2022199BB2800ECC8BA /* testViewController.swift in Sources */ = {isa = PBXBuildFile; fileRef = 95EFD2012199BB2800ECC8BA /* testViewController.swift */; };
/* End PBXBuildFile section */

/* Begin PBXFileReference section */
		95EFD1EA2199B9CC00ECC8BA /* swift--UITapGestureRecognizer实例.app */ = {isa = PBXFileReference; explicitFileType = wrapper.application; includeInIndex = 0; path = "swift--UITapGestureRecognizer实例.app"; sourceTree = BUILT_PRODUCTS_DIR; };
		95EFD1ED2199B9CC00ECC8BA /* AppDelegate.swift */ = {isa = PBXFileReference; lastKnownFileType = sourcecode.swift; path = AppDelegate.swift; sourceTree = "<group>"; };
		95EFD1F22199B9CC00ECC8BA /* Base */ = {isa = PBXFileReference; lastKnownFileType = file.storyboard; name = Base; path = Base.lproj/Main.storyboard; sourceTree = "<group>"; };
		95EFD1F42199B9CD00ECC8BA /* Assets.xcassets */ = {isa = PBXFileReference; lastKnownFileType = folder.assetcatalog; path = Assets.xcassets; sourceTree = "<group>"; };
		95EFD1F72199B9CD00ECC8BA /* Base */ = {isa = PBXFileReference; lastKnownFileType = file.storyboard; name = Base; path = Base.lproj/LaunchScreen.storyboard; sourceTree = "<group>"; };
		95EFD1F92199B9CD00ECC8BA /* Info.plist */ = {isa = PBXFileReference; lastKnownFileType = text.plist.xml; path = Info.plist; sourceTree = "<group>"; };
		95EFD1FF2199BA0E00ECC8BA /* ViewController.swift */ = {isa = PBXFileReference; fileEncoding = 4; lastKnownFileType = sourcecode.swift; path = ViewController.swift; sourceTree = "<group>"; };
		95EFD2012199BB2800ECC8BA /* testViewController.swift */ = {isa = PBXFileReference; lastKnownFileType = sourcecode.swift; path = testViewController.swift; sourceTree = "<group>"; };
/* End PBXFileReference section */

/* Begin PBXFrameworksBuildPhase section */
		95EFD1E72199B9CC00ECC8BA /* Frameworks */ = {
			isa = PBXFrameworksBuildPhase;
			buildActionMask = 2147483647;
			files = (
			);
			runOnlyForDeploymentPostprocessing = 0;
		};
/* End PBXFrameworksBuildPhase section */

/* Begin PBXGroup section */
		95EFD1E12199B9CC00ECC8BA = {
			isa = PBXGroup;
			children = (
				95EFD1EC2199B9CC00ECC8BA /* swift--UITapGestureRecognizer实例 */,
				95EFD1EB2199B9CC00ECC8BA /* Products */,
			);
			sourceTree = "<group>";
		};
		95EFD1EB2199B9CC00ECC8BA /* Products */ = {
			isa = PBXGroup;
			children = (
				95EFD1EA2199B9CC00ECC8BA /* swift--UITapGestureRecognizer实例.app */,
			);
			name = Products;
			sourceTree = "<group>";
		};
		95EFD1EC2199B9CC00ECC8BA /* swift--UITapGestureRecognizer实例 */ = {
			isa = PBXGroup;
			children = (
				95EFD1ED2199B9CC00ECC8BA /* AppDelegate.swift */,
				95EFD1FF2199BA0E00ECC8BA /* ViewController.swift */,
				95EFD2012199BB2800ECC8BA /* testViewController.swift */,
				95EFD1F12199B9CC00ECC8BA /* Main.storyboard */,
				95EFD1F42199B9CD00ECC8BA /* Assets.xcassets */,
				95EFD1F62199B9CD00ECC8BA /* LaunchScreen.storyboard */,
				95EFD1F92199B9CD00ECC8BA /* Info.plist */,
			);
			path = "swift--UITapGestureRecognizer实例";
			sourceTree = "<group>";
		};
/* End PBXGroup section */

/* Begin PBXNativeTarget section */
		95EFD1E92199B9CC00ECC8BA /* swift--UITapGestureRecognizer实例 */ = {
			isa = PBXNativeTarget;
			buildConfigurationList = 95EFD1FC2199B9CD00ECC8BA /* Build configuration list for PBXNativeTarget "swift--UITapGestureRecognizer实例" */;
			buildPhases = (
				95EFD1E62199B9CC00ECC8BA /* Sources */,
				95EFD1E72199B9CC00ECC8BA /* Frameworks */,
				95EFD1E82199B9CC00ECC8BA /* Resources */,
			);
			buildRules = (
			);
			dependencies = (
			);
			name = "swift--UITapGestureRecognizer实例";
			productName = "swift--UITapGestureRecognizer实例";
			productReference = 95EFD1EA2199B9CC00ECC8BA /* swift--UITapGestureRecognizer实例.app */;
			productType = "com.apple.product-type.application";
		};
/* End PBXNativeTarget section */

/* Begin PBXProject section */
		95EFD1E22199B9CC00ECC8BA /* Project object */ = {
			isa = PBXProject;
			attributes = {
				LastSwiftUpdateCheck = 1000;
				LastUpgradeCheck = 1000;
				ORGANIZATIONNAME = huMac;
				TargetAttributes = {
					95EFD1E92199B9CC00ECC8BA = {
						CreatedOnToolsVersion = 10.0;
					};
				};
			};
			buildConfigurationList = 95EFD1E52199B9CC00ECC8BA /* Build configuration list for PBXProject "swift--UITapGestureRecognizer实例" */;
			compatibilityVersion = "Xcode 9.3";
			developmentRegion = en;
			hasScannedForEncodings = 0;
			knownRegions = (
				en,
				Base,
			);
			mainGroup = 95EFD1E12199B9CC00ECC8BA;
			productRefGroup = 95EFD1EB2199B9CC00ECC8BA /* Products */;
			projectDirPath = "";
			projectRoot = "";
			targets = (
				95EFD1E92199B9CC00ECC8BA /* swift--UITapGestureRecognizer实例 */,
			);
		};
/* End PBXProject section */

/* Begin PBXResourcesBuildPhase section */
		95EFD1E82199B9CC00ECC8BA /* Resources */ = {
			isa = PBXResourcesBuildPhase;
			buildActionMask = 2147483647;
			files = (
				95EFD1F82199B9CD00ECC8BA /* LaunchScreen.storyboard in Resources */,
				95EFD1F52199B9CD00ECC8BA /* Assets.xcassets in Resources */,
				95EFD1F32199B9CC00ECC8BA /* Main.storyboard in Resources */,
			);
			runOnlyForDeploymentPostprocessing = 0;
		};
/* End PBXResourcesBuildPhase section */

/* Begin PBXSourcesBuildPhase section */
		95EFD1E62199B9CC00ECC8BA /* Sources */ = {
			isa = PBXSourcesBuildPhase;
			buildActionMask = 2147483647;
			files = (
				95EFD2022199BB2800ECC8BA /* testViewController.swift in Sources */,
				95EFD2002199BA0E00ECC8BA /* ViewController.swift in Sources */,
				95EFD1EE2199B9CC00ECC8BA /* AppDelegate.swift in Sources */,
			);
			runOnlyForDeploymentPostprocessing = 0;
		};
/* End PBXSourcesBuildPhase section */

/* Begin PBXVariantGroup section */
		95EFD1F12199B9CC00ECC8BA /* Main.storyboard */ = {
			isa = PBXVariantGroup;
			children = (
				95EFD1F22199B9CC00ECC8BA /* Base */,
			);
			name = Main.storyboard;
			sourceTree = "<group>";
		};
		95EFD1F62199B9CD00ECC8BA /* LaunchScreen.storyboard */ = {
			isa = PBXVariantGroup;
			children = (
				95EFD1F72199B9CD00ECC8BA /* Base */,
			);
			name = LaunchScreen.storyboard;
			sourceTree = "<group>";
		};
/* End PBXVariantGroup section */

/* Begin XCBuildConfiguration section */
		95EFD1FA2199B9CD00ECC8BA /* Debug */ = {
			isa = XCBuildConfiguration;
			buildSettings = {
				ALWAYS_SEARCH_USER_PATHS = NO;
				CLANG_ANALYZER_NONNULL = YES;
				CLANG_ANALYZER_NUMBER_OBJECT_CONVERSION = YES_AGGRESSIVE;
				CLANG_CXX_LANGUAGE_STANDARD = "gnu++14";
				CLANG_CXX_LIBRARY = "libc++";
				CLANG_ENABLE_MODULES = YES;
				CLANG_ENABLE_OBJC_ARC = YES;
				CLANG_ENABLE_OBJC_WEAK = YES;
				CLANG_WARN_BLOCK_CAPTURE_AUTORELEASING = YES;
				CLANG_WARN_BOOL_CONVERSION = YES;
				CLANG_WARN_COMMA = YES;
				CLANG_WARN_CONSTANT_CONVERSION = YES;
				CLANG_WARN_DEPRECATED_OBJC_IMPLEMENTATIONS = YES;
				CLANG_WARN_DIRECT_OBJC_ISA_USAGE = YES_ERROR;
				CLANG_WARN_DOCUMENTATION_COMMENTS = YES;
				CLANG_WARN_EMPTY_BODY = YES;
				CLANG_WARN_ENUM_CONVERSION = YES;
				CLANG_WARN_INFINITE_RECURSION = YES;
				CLANG_WARN_INT_CONVERSION = YES;
				CLANG_WARN_NON_LITERAL_NULL_CONVERSION = YES;
				CLANG_WARN_OBJC_IMPLICIT_RETAIN_SELF = YES;
				CLANG_WARN_OBJC_LITERAL_CONVERSION = YES;
				CLANG_WARN_OBJC_ROOT_CLASS = YES_ERROR;
				CLANG_WARN_RANGE_LOOP_ANALYSIS = YES;
				CLANG_WARN_STRICT_PROTOTYPES = YES;
				CLANG_WARN_SUSPICIOUS_MOVE = YES;
				CLANG_WARN_UNGUARDED_AVAILABILITY = YES_AGGRESSIVE;
				CLANG_WARN_UNREACHABLE_CODE = YES;
				CLANG_WARN__DUPLICATE_METHOD_MATCH = YES;
				CODE_SIGN_IDENTITY = "iPhone Developer";
				COPY_PHASE_STRIP = NO;
				DEBUG_INFORMATION_FORMAT = dwarf;
				ENABLE_STRICT_OBJC_MSGSEND = YES;
				ENABLE_TESTABILITY = YES;
				GCC_C_LANGUAGE_STANDARD = gnu11;
				GCC_DYNAMIC_NO_PIC = NO;
				GCC_NO_COMMON_BLOCKS = YES;
				GCC_OPTIMIZATION_LEVEL = 0;
				GCC_PREPROCESSOR_DEFINITIONS = (
					"DEBUG=1",
					"$(inherited)",
				);
				GCC_WARN_64_TO_32_BIT_CONVERSION = YES;
				GCC_WARN_ABOUT_RETURN_TYPE = YES_ERROR;
				GCC_WARN_UNDECLARED_SELECTOR = YES;
				GCC_WARN_UNINITIALIZED_AUTOS = YES_AGGRESSIVE;
				GCC_WARN_UNUSED_FUNCTION = YES;
				GCC_WARN_UNUSED_VARIABLE = YES;
				IPHONEOS_DEPLOYMENT_TARGET = 12.0;
				MTL_ENABLE_DEBUG_INFO = INCLUDE_SOURCE;
				MTL_FAST_MATH = YES;
				ONLY_ACTIVE_ARCH = YES;
				SDKROOT = iphoneos;
				SWIFT_ACTIVE_COMPILATION_CONDITIONS = DEBUG;
				SWIFT_OPTIMIZATION_LEVEL = "-Onone";
			};
			name = Debug;
		};
		95EFD1FB2199B9CD00ECC8BA /* Release */ = {
			isa = XCBuildConfiguration;
			buildSettings = {
				ALWAYS_SEARCH_USER_PATHS = NO;
				CLANG_ANALYZER_NONNULL = YES;
				CLANG_ANALYZER_NUMBER_OBJECT_CONVERSION = YES_AGGRESSIVE;
				CLANG_CXX_LANGUAGE_STANDARD = "gnu++14";
				CLANG_CXX_LIBRARY = "libc++";
				CLANG_ENABLE_MODULES = YES;
				CLANG_ENABLE_OBJC_ARC = YES;
				CLANG_ENABLE_OBJC_WEAK = YES;
				CLANG_WARN_BLOCK_CAPTURE_AUTORELEASING = YES;
				CLANG_WARN_BOOL_CONVERSION = YES;
				CLANG_WARN_COMMA = YES;
				CLANG_WARN_CONSTANT_CONVERSION = YES;
				CLANG_WARN_DEPRECATED_OBJC_IMPLEMENTATIONS = YES;
				CLANG_WARN_DIRECT_OBJC_ISA_USAGE = YES_ERROR;
				CLANG_WARN_DOCUMENTATION_COMMENTS = YES;
				CLANG_WARN_EMPTY_BODY = YES;
				CLANG_WARN_ENUM_CONVERSION = YES;
				CLANG_WARN_INFINITE_RECURSION = YES;
				CLANG_WARN_INT_CONVERSION = YES;
				CLANG_WARN_NON_LITERAL_NULL_CONVERSION = YES;
				CLANG_WARN_OBJC_IMPLICIT_RETAIN_SELF = YES;
				CLANG_WARN_OBJC_LITERAL_CONVERSION = YES;
				CLANG_WARN_OBJC_ROOT_CLASS = YES_ERROR;
				CLANG_WARN_RANGE_LOOP_ANALYSIS = YES;
				CLANG_WARN_STRICT_PROTOTYPES = YES;
				CLANG_WARN_SUSPICIOUS_MOVE = YES;
				CLANG_WARN_UNGUARDED_AVAILABILITY = YES_AGGRESSIVE;
				CLANG_WARN_UNREACHABLE_CODE = YES;
				CLANG_WARN__DUPLICATE_METHOD_MATCH = YES;
				CODE_SIGN_IDENTITY = "iPhone Developer";
				COPY_PHASE_STRIP = NO;
				DEBUG_INFORMATION_FORMAT = "dwarf-with-dsym";
				ENABLE_NS_ASSERTIONS = NO;
				ENABLE_STRICT_OBJC_MSGSEND = YES;
				GCC_C_LANGUAGE_STANDARD = gnu11;
				GCC_NO_COMMON_BLOCKS = YES;
				GCC_WARN_64_TO_32_BIT_CONVERSION = YES;
				GCC_WARN_ABOUT_RETURN_TYPE = YES_ERROR;
				GCC_WARN_UNDECLARED_SELECTOR = YES;
				GCC_WARN_UNINITIALIZED_AUTOS = YES_AGGRESSIVE;
				GCC_WARN_UNUSED_FUNCTION = YES;
				GCC_WARN_UNUSED_VARIABLE = YES;
				IPHONEOS_DEPLOYMENT_TARGET = 12.0;
				MTL_ENABLE_DEBUG_INFO = NO;
				MTL_FAST_MATH = YES;
				SDKROOT = iphoneos;
				SWIFT_COMPILATION_MODE = wholemodule;
				SWIFT_OPTIMIZATION_LEVEL = "-O";
				VALIDATE_PRODUCT = YES;
			};
			name = Release;
		};
		95EFD1FD2199B9CD00ECC8BA /* Debug */ = {
			isa = XCBuildConfiguration;
			buildSettings = {
				ASSETCATALOG_COMPILER_APPICON_NAME = AppIcon;
				CODE_SIGN_STYLE = Automatic;
				INFOPLIST_FILE = "swift--UITapGestureRecognizer实例/Info.plist";
				IPHONEOS_DEPLOYMENT_TARGET = 11.1;
				LD_RUNPATH_SEARCH_PATHS = (
					"$(inherited)",
					"@executable_path/Frameworks",
				);
				PRODUCT_BUNDLE_IDENTIFIER = "Hm.swift--UITapGestureRecognizer--";
				PRODUCT_NAME = "$(TARGET_NAME)";
				SWIFT_VERSION = 4.2;
				TARGETED_DEVICE_FAMILY = "1,2";
			};
			name = Debug;
		};
		95EFD1FE2199B9CD00ECC8BA /* Release */ = {
			isa = XCBuildConfiguration;
			buildSettings = {
				ASSETCATALOG_COMPILER_APPICON_NAME = AppIcon;
				CODE_SIGN_STYLE = Automatic;
				INFOPLIST_FILE = "swift--UITapGestureRecognizer实例/Info.plist";
				IPHONEOS_DEPLOYMENT_TARGET = 11.1;
				LD_RUNPATH_SEARCH_PATHS = (
					"$(inherited)",
					"@executable_path/Frameworks",
				);
				PRODUCT_BUNDLE_IDENTIFIER = "Hm.swift--UITapGestureRecognizer--";
				PRODUCT_NAME = "$(TARGET_NAME)";
				SWIFT_VERSION = 4.2;
				TARGETED_DEVICE_FAMILY = "1,2";
			};
			name = Release;
		};
/* End XCBuildConfiguration section */

/* Begin XCConfigurationList section */
		95EFD1E52199B9CC00ECC8BA /* Build configuration list for PBXProject "swift--UITapGestureRecognizer实例" */ = {
			isa = XCConfigurationList;
			buildConfigurations = (
				95EFD1FA2199B9CD00ECC8BA /* Debug */,
				95EFD1FB2199B9CD00ECC8BA /* Release */,
			);
			defaultConfigurationIsVisible = 0;
			defaultConfigurationName = Release;
		};
		95EFD1FC2199B9CD00ECC8BA /* Build configuration list for PBXNativeTarget "swift--UITapGestureRecognizer实例" */ = {
			isa = XCConfigurationList;
			buildConfigurations = (
				95EFD1FD2199B9CD00ECC8BA /* Debug */,
				95EFD1FE2199B9CD00ECC8BA /* Release */,
			);
			defaultConfigurationIsVisible = 0;
			defaultConfigurationName = Release;
		};
/* End XCConfigurationList section */
	};
	rootObject = 95EFD1E22199B9CC00ECC8BA /* Project object */;
}
